
Microsoft Visual Studio Solution File, Format Version 12.00
# Visual Studio 15
VisualStudioVersion = 15.0.27130.2010
MinimumVisualStudioVersion = 10.0.40219.1
Project("{FAE04EC0-301F-11D3-BF4B-00C04F79EFBC}") = "SampleAPIClient.Android", "SampleAPIClient\SampleAPIClient.Android\SampleAPIClient.Android.csproj", "{E0402D77-FF15-45F5-804E-121E9BBC52BC}"
EndProject
Project("{FAE04EC0-301F-11D3-BF4B-00C04F79EFBC}") = "SampleAPIClient.iOS", "SampleAPIClient\SampleAPIClient.iOS\SampleAPIClient.iOS.csproj", "{58463214-6573-4745-96AB-DD1CB1B65C7F}"
EndProject
Project("{FAE04EC0-301F-11D3-BF4B-00C04F79EFBC}") = "SampleAPIClient", "SampleAPIClient\SampleAPIClient\SampleAPIClient.csproj", "{7C6B6CC6-7973-43FA-85C7-CB468DF5AC6E}"
EndProject
Global
	GlobalSection(SolutionConfigurationPlatforms) = preSolution
		Ad-Hoc|Any CPU = Ad-Hoc|Any CPU
		Ad-Hoc|iPhone = Ad-Hoc|iPhone
		Ad-Hoc|iPhoneSimulator = Ad-Hoc|iPhoneSimulator
		AppStore|Any CPU = AppStore|Any CPU
		AppStore|iPhone = AppStore|iPhone
		AppStore|iPhoneSimulator = AppStore|iPhoneSimulator
		Debug|Any CPU = Debug|Any CPU
		Debug|iPhone = Debug|iPhone
		Debug|iPhoneSimulator = Debug|iPhoneSimulator
		Release|Any CPU = Release|Any CPU
		Release|iPhone = Release|iPhone
		Release|iPhoneSimulator = Release|iPhoneSimulator
	EndGlobalSection
	GlobalSection(ProjectConfigurationPlatforms) = postSolution
		{E0402D77-FF15-45F5-804E-121E9BBC52BC}.Ad-Hoc|Any CPU.ActiveCfg = Release|Any CPU
		{E0402D77-FF15-45F5-804E-121E9BBC52BC}.Ad-Hoc|Any CPU.Build.0 = Release|Any CPU
		{E0402D77-FF15-45F5-804E-121E9BBC52BC}.Ad-Hoc|Any CPU.Deploy.0 = Release|Any CPU
		{E0402D77-FF15-45F5-804E-121E9BBC52BC}.Ad-Hoc|iPhone.ActiveCfg = Release|Any CPU
		{E0402D77-FF15-45F5-804E-121E9BBC52BC}.Ad-Hoc|iPhone.Build.0 = Release|Any CPU
		{E0402D77-FF15-45F5-804E-121E9BBC52BC}.Ad-Hoc|iPhone.Deploy.0 = Release|Any CPU
		{E0402D77-FF15-45F5-804E-121E9BBC52BC}.Ad-Hoc|iPhoneSimulator.ActiveCfg = Release|Any CPU
		{E0402D77-FF15-45F5-804E-121E9BBC52BC}.Ad-Hoc|iPhoneSimulator.Build.0 = Release|Any CPU
		{E0402D77-FF15-45F5-804E-121E9BBC52BC}.Ad-Hoc|iPhoneSimulator.Deploy.0 = Release|Any CPU
		{E0402D77-FF15-45F5-804E-121E9BBC52BC}.AppStore|Any CPU.ActiveCfg = Release|Any CPU
		{E0402D77-FF15-45F5-804E-121E9BBC52BC}.AppStore|Any CPU.Build.0 = Release|Any CPU
		{E0402D77-FF15-45F5-804E-121E9BBC52BC}.AppStore|Any CPU.Deploy.0 = Release|Any CPU
		{E0402D77-FF15-45F5-804E-121E9BBC52BC}.AppStore|iPhone.ActiveCfg = Release|Any CPU
		{E0402D77-FF15-45F5-804E-121E9BBC52BC}.AppStore|iPhone.Build.0 = Release|Any CPU
		{E0402D77-FF15-45F5-804E-121E9BBC52BC}.AppStore|iPhone.Deploy.0 = Release|Any CPU
		{E0402D77-FF15-45F5-804E-121E9BBC52BC}.AppStore|iPhoneSimulator.ActiveCfg = Release|Any CPU
		{E0402D77-FF15-45F5-804E-121E9BBC52BC}.AppStore|iPhoneSimulator.Build.0 = Release|Any CPU
		{E0402D77-FF15-45F5-804E-121E9BBC52BC}.AppStore|iPhoneSimulator.Deploy.0 = Release|Any CPU
		{E0402D77-FF15-45F5-804E-121E9BBC52BC}.Debug|Any CPU.ActiveCfg = Debug|Any CPU
		{E0402D77-FF15-45F5-804E-121E9BBC52BC}.Debug|Any CPU.Build.0 = Debug|Any CPU
		{E0402D77-FF15-45F5-804E-121E9BBC52BC}.Debug|Any CPU.Deploy.0 = Debug|Any CPU
		{E0402D77-FF15-45F5-804E-121E9BBC52BC}.Debug|iPhone.ActiveCfg = Debug|Any CPU
		{E0402D77-FF15-45F5-804E-121E9BBC52BC}.Debug|iPhone.Build.0 = Debug|Any CPU
		{E0402D77-FF15-45F5-804E-121E9BBC52BC}.Debug|iPhone.Deploy.0 = Debug|Any CPU
		{E0402D77-FF15-45F5-804E-121E9BBC52BC}.Debug|iPhoneSimulator.ActiveCfg = Debug|Any CPU
		{E0402D77-FF15-45F5-804E-121E9BBC52BC}.Debug|iPhoneSimulator.Build.0 = Debug|Any CPU
		{E0402D77-FF15-45F5-804E-121E9BBC52BC}.Debug|iPhoneSimulator.Deploy.0 = Debug|Any CPU
		{E0402D77-FF15-45F5-804E-121E9BBC52BC}.Release|Any CPU.ActiveCfg = Release|Any CPU
		{E0402D77-FF15-45F5-804E-121E9BBC52BC}.Release|Any CPU.Build.0 = Release|Any CPU
		{E0402D77-FF15-45F5-804E-121E9BBC52BC}.Release|Any CPU.Deploy.0 = Release|Any CPU
		{E0402D77-FF15-45F5-804E-121E9BBC52BC}.Release|iPhone.ActiveCfg = Release|Any CPU
		{E0402D77-FF15-45F5-804E-121E9BBC52BC}.Release|iPhone.Build.0 = Release|Any CPU
		{E0402D77-FF15-45F5-804E-121E9BBC52BC}.Release|iPhone.Deploy.0 = Release|Any CPU
		{E0402D77-FF15-45F5-804E-121E9BBC52BC}.Release|iPhoneSimulator.ActiveCfg = Release|Any CPU
		{E0402D77-FF15-45F5-804E-121E9BBC52BC}.Release|iPhoneSimulator.Build.0 = Release|Any CPU
		{E0402D77-FF15-45F5-804E-121E9BBC52BC}.Release|iPhoneSimulator.Deploy.0 = Release|Any CPU
		{58463214-6573-4745-96AB-DD1CB1B65C7F}.Ad-Hoc|Any CPU.ActiveCfg = Ad-Hoc|iPhone
		{58463214-6573-4745-96AB-DD1CB1B65C7F}.Ad-Hoc|iPhone.ActiveCfg = Ad-Hoc|iPhone
		{58463214-6573-4745-96AB-DD1CB1B65C7F}.Ad-Hoc|iPhone.Build.0 = Ad-Hoc|iPhone
		{58463214-6573-4745-96AB-DD1CB1B65C7F}.Ad-Hoc|iPhoneSimulator.ActiveCfg = Ad-Hoc|iPhoneSimulator
		{58463214-6573-4745-96AB-DD1CB1B65C7F}.Ad-Hoc|iPhoneSimulator.Build.0 = Ad-Hoc|iPhoneSimulator
		{58463214-6573-4745-96AB-DD1CB1B65C7F}.AppStore|Any CPU.ActiveCfg = AppStore|iPhone
		{58463214-6573-4745-96AB-DD1CB1B65C7F}.AppStore|iPhone.ActiveCfg = AppStore|iPhone
		{58463214-6573-4745-96AB-DD1CB1B65C7F}.AppStore|iPhone.Build.0 = AppStore|iPhone
		{58463214-6573-4745-96AB-DD1CB1B65C7F}.AppStore|iPhoneSimulator.ActiveCfg = AppStore|iPhoneSimulator
		{58463214-6573-4745-96AB-DD1CB1B65C7F}.AppStore|iPhoneSimulator.Build.0 = AppStore|iPhoneSimulator
		{58463214-6573-4745-96AB-DD1CB1B65C7F}.Debug|Any CPU.ActiveCfg = Debug|iPhone
		{58463214-6573-4745-96AB-DD1CB1B65C7F}.Debug|iPhone.ActiveCfg = Debug|iPhone
		{58463214-6573-4745-96AB-DD1CB1B65C7F}.Debug|iPhone.Build.0 = Debug|iPhone
		{58463214-6573-4745-96AB-DD1CB1B65C7F}.Debug|iPhoneSimulator.ActiveCfg = Debug|iPhoneSimulator
		{58463214-6573-4745-96AB-DD1CB1B65C7F}.Debug|iPhoneSimulator.Build.0 = Debug|iPhoneSimulator
		{58463214-6573-4745-96AB-DD1CB1B65C7F}.Release|Any CPU.ActiveCfg = Release|iPhone
		{58463214-6573-4745-96AB-DD1CB1B65C7F}.Release|iPhone.ActiveCfg = Release|iPhone
		{58463214-6573-4745-96AB-DD1CB1B65C7F}.Release|iPhone.Build.0 = Release|iPhone
		{58463214-6573-4745-96AB-DD1CB1B65C7F}.Release|iPhoneSimulator.ActiveCfg = Release|iPhoneSimulator
		{58463214-6573-4745-96AB-DD1CB1B65C7F}.Release|iPhoneSimulator.Build.0 = Release|iPhoneSimulator
		{7C6B6CC6-7973-43FA-85C7-CB468DF5AC6E}.Ad-Hoc|Any CPU.ActiveCfg = Debug|Any CPU
		{7C6B6CC6-7973-43FA-85C7-CB468DF5AC6E}.Ad-Hoc|Any CPU.Build.0 = Debug|Any CPU
		{7C6B6CC6-7973-43FA-85C7-CB468DF5AC6E}.Ad-Hoc|iPhone.ActiveCfg = Debug|Any CPU
		{7C6B6CC6-7973-43FA-85C7-CB468DF5AC6E}.Ad-Hoc|iPhone.Build.0 = Debug|Any CPU
		{7C6B6CC6-7973-43FA-85C7-CB468DF5AC6E}.Ad-Hoc|iPhoneSimulator.ActiveCfg = Debug|Any CPU
		{7C6B6CC6-7973-43FA-85C7-CB468DF5AC6E}.Ad-Hoc|iPhoneSimulator.Build.0 = Debug|Any CPU
		{7C6B6CC6-7973-43FA-85C7-CB468DF5AC6E}.AppStore|Any CPU.ActiveCfg = Debug|Any CPU
		{7C6B6CC6-7973-43FA-85C7-CB468DF5AC6E}.AppStore|Any CPU.Build.0 = Debug|Any CPU
		{7C6B6CC6-7973-43FA-85C7-CB468DF5AC6E}.AppStore|iPhone.ActiveCfg = Debug|Any CPU
		{7C6B6CC6-7973-43FA-85C7-CB468DF5AC6E}.AppStore|iPhone.Build.0 = Debug|Any CPU
		{7C6B6CC6-7973-43FA-85C7-CB468DF5AC6E}.AppStore|iPhoneSimulator.ActiveCfg = Debug|Any CPU
		{7C6B6CC6-7973-43FA-85C7-CB468DF5AC6E}.AppStore|iPhoneSimulator.Build.0 = Debug|Any CPU
		{7C6B6CC6-7973-43FA-85C7-CB468DF5AC6E}.Debug|Any CPU.ActiveCfg = Debug|Any CPU
		{7C6B6CC6-7973-43FA-85C7-CB468DF5AC6E}.Debug|Any CPU.Build.0 = Debug|Any CPU
		{7C6B6CC6-7973-43FA-85C7-CB468DF5AC6E}.Debug|iPhone.ActiveCfg = Debug|Any CPU
		{7C6B6CC6-7973-43FA-85C7-CB468DF5AC6E}.Debug|iPhone.Build.0 = Debug|Any CPU
		{7C6B6CC6-7973-43FA-85C7-CB468DF5AC6E}.Debug|iPhoneSimulator.ActiveCfg = Debug|Any CPU
		{7C6B6CC6-7973-43FA-85C7-CB468DF5AC6E}.Debug|iPhoneSimulator.Build.0 = Debug|Any CPU
		{7C6B6CC6-7973-43FA-85C7-CB468DF5AC6E}.Release|Any CPU.ActiveCfg = Release|Any CPU
		{7C6B6CC6-7973-43FA-85C7-CB468DF5AC6E}.Release|Any CPU.Build.0 = Release|Any CPU
		{7C6B6CC6-7973-43FA-85C7-CB468DF5AC6E}.Release|iPhone.ActiveCfg = Release|Any CPU
		{7C6B6CC6-7973-43FA-85C7-CB468DF5AC6E}.Release|iPhone.Build.0 = Release|Any CPU
		{7C6B6CC6-7973-43FA-85C7-CB468DF5AC6E}.Release|iPhoneSimulator.ActiveCfg = Release|Any CPU
		{7C6B6CC6-7973-43FA-85C7-CB468DF5AC6E}.Release|iPhoneSimulator.Build.0 = Release|Any CPU
	EndGlobalSection
	GlobalSection(SolutionProperties) = preSolution
		HideSolutionNode = FALSE
	EndGlobalSection
	GlobalSection(ExtensibilityGlobals) = postSolution
		SolutionGuid = {FBB21B9F-46B1-4088-B625-B704350F046E}
	EndGlobalSection
EndGlobal
